
Microsoft Visual Studio Solution File, Format Version 12.00
# Visual Studio Version 17
VisualStudioVersion = 17.5.002.0
MinimumVisualStudioVersion = 10.0.40219.1
Project("{9A19103F-16F7-4668-BE54-9A1E7A4F7556}") = "4_1", "4_1\4_1.csproj", "{76F0E17D-D25B-4708-9FAC-392AB7A3835D}"
EndProject
Global
	GlobalSection(SolutionConfigurationPlatforms) = preSolution
		Debug|Any CPU = Debug|Any CPU
		Release|Any CPU = Release|Any CPU
	EndGlobalSection
	GlobalSection(ProjectConfigurationPlatforms) = postSolution
		{76F0E17D-D25B-4708-9FAC-392AB7A3835D}.Debug|Any CPU.ActiveCfg = Debug|Any CPU
		{76F0E17D-D25B-4708-9FAC-392AB7A3835D}.Debug|Any CPU.Build.0 = Debug|Any CPU
		{76F0E17D-D25B-4708-9FAC-392AB7A3835D}.Release|Any CPU.ActiveCfg = Release|Any CPU
		{76F0E17D-D25B-4708-9FAC-392AB7A3835D}.Release|Any CPU.Build.0 = Release|Any CPU
	EndGlobalSection
	GlobalSection(SolutionProperties) = preSolution
		HideSolutionNode = FALSE
	EndGlobalSection
	GlobalSection(ExtensibilityGlobals) = postSolution
		SolutionGuid = {8ABCB18F-3049-440E-B002-0551AD73F7DA}
	EndGlobalSection
EndGlobal
