
Microsoft Visual Studio Solution File, Format Version 12.00
# Visual Studio Version 17
VisualStudioVersion = 17.5.002.0
MinimumVisualStudioVersion = 10.0.40219.1
Project("{9A19103F-16F7-4668-BE54-9A1E7A4F7556}") = "lesson3_1", "lesson3_1.csproj", "{676BC455-B49E-4031-85AC-18D2F5A08937}"
EndProject
Global
	GlobalSection(SolutionConfigurationPlatforms) = preSolution
		Debug|Any CPU = Debug|Any CPU
		Release|Any CPU = Release|Any CPU
	EndGlobalSection
	GlobalSection(ProjectConfigurationPlatforms) = postSolution
		{676BC455-B49E-4031-85AC-18D2F5A08937}.Debug|Any CPU.ActiveCfg = Debug|Any CPU
		{676BC455-B49E-4031-85AC-18D2F5A08937}.Debug|Any CPU.Build.0 = Debug|Any CPU
		{676BC455-B49E-4031-85AC-18D2F5A08937}.Release|Any CPU.ActiveCfg = Release|Any CPU
		{676BC455-B49E-4031-85AC-18D2F5A08937}.Release|Any CPU.Build.0 = Release|Any CPU
	EndGlobalSection
	GlobalSection(SolutionProperties) = preSolution
		HideSolutionNode = FALSE
	EndGlobalSection
	GlobalSection(ExtensibilityGlobals) = postSolution
		SolutionGuid = {200A93BD-2E42-4DDD-AB5E-8432B7DF990E}
	EndGlobalSection
EndGlobal
